{
  "name": "DiplomskiRad",
  "lockfileVersion": 3,
  "requires": true,
  "packages": {
    "": {
      "dependencies": {
        "@ory/kratos-client": "^0.13.1",
        "@oryd/kratos-client": "^0.0.0-next.5212bbfcf5dc"
      }
    },
    "node_modules/@ory/kratos-client": {
      "version": "0.13.1",
      "resolved": "https://registry.npmjs.org/@ory/kratos-client/-/kratos-client-0.13.1.tgz",
      "integrity": "sha512-s5HHJDvCMkrHq2r5i7g+Snt82mT9vffGlpkhAjuskiWGZ8s1CI9bFAl9XWYydDFZLUb0EyuDc5GfgQa1O4yQ1g==",
      "dependencies": {
        "axios": "^0.21.4"
      }
    },
    "node_modules/@oryd/kratos-client": {
      "version": "0.0.0-next.5212bbfcf5dc",
      "resolved": "https://registry.npmjs.org/@oryd/kratos-client/-/kratos-client-0.0.0-next.5212bbfcf5dc.tgz",
      "integrity": "sha512-f/IOwOUBleAzNimyiFbhoAB1qdvIgQsoLd6pCKJLQ0PSGr/nfTPipOxycUkE0fAIsiMyQ0tRx4rDeTK0wIAZRg==",
      "deprecated": "Please use @ory/kratos-client instead",
      "dependencies": {
        "axios": "^0.21.1"
      }
    },
    "node_modules/axios": {
      "version": "0.21.4",
      "resolved": "https://registry.npmjs.org/axios/-/axios-0.21.4.tgz",
      "integrity": "sha512-ut5vewkiu8jjGBdqpM44XxjuCjq9LAKeHVmoVfHVzy8eHgxxq8SbAVQNovDA8mVi05kP0Ea/n/UzcSHcTJQfNg==",
      "dependencies": {
        "follow-redirects": "^1.14.0"
      }
    },
    "node_modules/follow-redirects": {
      "version": "1.15.2",
      "resolved": "https://registry.npmjs.org/follow-redirects/-/follow-redirects-1.15.2.tgz",
      "integrity": "sha512-VQLG33o04KaQ8uYi2tVNbdrWp1QWxNNea+nmIB4EVM28v0hmP17z7aG1+wAkNzVq4KeXTq3221ye5qTJP91JwA==",
      "funding": [
        {
          "type": "individual",
          "url": "https://github.com/sponsors/RubenVerborgh"
        }
      ],
      "engines": {
        "node": ">=4.0"
      },
      "peerDependenciesMeta": {
        "debug": {
          "optional": true
        }
      }
    }
  }
}
